// !$*UTF8*$!
{
	archiveVersion = 1;
	classes = {
	};
	objectVersion = 50;
	objects = {

/* Begin PBXBuildFile section */
		4C24721121F3C0930024A855 /* main.swift in Sources */ = {isa = PBXBuildFile; fileRef = 4C24721021F3C0930024A855 /* main.swift */; };
		4C2472FC21F3D2490024A855 /* SQLite-Bridging.m in Sources */ = {isa = PBXBuildFile; fileRef = 4C2472DE21F3D2490024A855 /* SQLite-Bridging.m */; };
		4C2472FD21F3D2490024A855 /* Connection.swift in Sources */ = {isa = PBXBuildFile; fileRef = 4C2472E221F3D2490024A855 /* Connection.swift */; };
		4C2472FE21F3D2490024A855 /* Blob.swift in Sources */ = {isa = PBXBuildFile; fileRef = 4C2472E321F3D2490024A855 /* Blob.swift */; };
		4C2472FF21F3D2490024A855 /* Errors.swift in Sources */ = {isa = PBXBuildFile; fileRef = 4C2472E421F3D2490024A855 /* Errors.swift */; };
		4C24730021F3D2490024A855 /* Statement.swift in Sources */ = {isa = PBXBuildFile; fileRef = 4C2472E521F3D2490024A855 /* Statement.swift */; };
		4C24730121F3D2490024A855 /* Value.swift in Sources */ = {isa = PBXBuildFile; fileRef = 4C2472E621F3D2490024A855 /* Value.swift */; };
		4C24730221F3D2490024A855 /* Helpers.swift in Sources */ = {isa = PBXBuildFile; fileRef = 4C2472E721F3D2490024A855 /* Helpers.swift */; };
		4C24730321F3D2490024A855 /* Cipher.swift in Sources */ = {isa = PBXBuildFile; fileRef = 4C2472E921F3D2490024A855 /* Cipher.swift */; };
		4C24730421F3D2490024A855 /* RTree.swift in Sources */ = {isa = PBXBuildFile; fileRef = 4C2472EA21F3D2490024A855 /* RTree.swift */; };
		4C24730521F3D2490024A855 /* FTS4.swift in Sources */ = {isa = PBXBuildFile; fileRef = 4C2472EB21F3D2490024A855 /* FTS4.swift */; };
		4C24730621F3D2490024A855 /* FTS5.swift in Sources */ = {isa = PBXBuildFile; fileRef = 4C2472EC21F3D2490024A855 /* FTS5.swift */; };
		4C24730721F3D2490024A855 /* Foundation.swift in Sources */ = {isa = PBXBuildFile; fileRef = 4C2472ED21F3D2490024A855 /* Foundation.swift */; };
		4C24730821F3D2490024A855 /* Query.swift in Sources */ = {isa = PBXBuildFile; fileRef = 4C2472F021F3D2490024A855 /* Query.swift */; };
		4C24730921F3D2490024A855 /* Coding.swift in Sources */ = {isa = PBXBuildFile; fileRef = 4C2472F121F3D2490024A855 /* Coding.swift */; };
		4C24730A21F3D2490024A855 /* Expression.swift in Sources */ = {isa = PBXBuildFile; fileRef = 4C2472F221F3D2490024A855 /* Expression.swift */; };
		4C24730B21F3D2490024A855 /* CoreFunctions.swift in Sources */ = {isa = PBXBuildFile; fileRef = 4C2472F321F3D2490024A855 /* CoreFunctions.swift */; };
		4C24730C21F3D2490024A855 /* Collation.swift in Sources */ = {isa = PBXBuildFile; fileRef = 4C2472F421F3D2490024A855 /* Collation.swift */; };
		4C24730D21F3D2490024A855 /* CustomFunctions.swift in Sources */ = {isa = PBXBuildFile; fileRef = 4C2472F521F3D2490024A855 /* CustomFunctions.swift */; };
		4C24730E21F3D2490024A855 /* DateAndTimeFunctions.swift in Sources */ = {isa = PBXBuildFile; fileRef = 4C2472F621F3D2490024A855 /* DateAndTimeFunctions.swift */; };
		4C24730F21F3D2490024A855 /* Setter.swift in Sources */ = {isa = PBXBuildFile; fileRef = 4C2472F721F3D2490024A855 /* Setter.swift */; };
		4C24731021F3D2490024A855 /* Operators.swift in Sources */ = {isa = PBXBuildFile; fileRef = 4C2472F821F3D2490024A855 /* Operators.swift */; };
		4C24731121F3D2490024A855 /* Schema.swift in Sources */ = {isa = PBXBuildFile; fileRef = 4C2472F921F3D2490024A855 /* Schema.swift */; };
		4C24731221F3D2490024A855 /* AggregateFunctions.swift in Sources */ = {isa = PBXBuildFile; fileRef = 4C2472FA21F3D2490024A855 /* AggregateFunctions.swift */; };
		4C46E09521F4DCDF00927669 /* Item.swift in Sources */ = {isa = PBXBuildFile; fileRef = 4C46E09421F4DCDF00927669 /* Item.swift */; };
		4C46E09721F4DCEB00927669 /* App.swift in Sources */ = {isa = PBXBuildFile; fileRef = 4C46E09621F4DCEB00927669 /* App.swift */; };
		4C46E09921F4DEA200927669 /* Group.swift in Sources */ = {isa = PBXBuildFile; fileRef = 4C46E09821F4DEA200927669 /* Group.swift */; };
		8515A9C993677A1F08DB9AFA /* Pods_Launchpad_Tools.framework in Frameworks */ = {isa = PBXBuildFile; fileRef = 9E68BDA8970DE9ADF20975B5 /* Pods_Launchpad_Tools.framework */; };
/* End PBXBuildFile section */

/* Begin PBXCopyFilesBuildPhase section */
		4C24720B21F3C0930024A855 /* CopyFiles */ = {
			isa = PBXCopyFilesBuildPhase;
			buildActionMask = 2147483647;
			dstPath = /usr/share/man/man1/;
			dstSubfolderSpec = 0;
			files = (
			);
			runOnlyForDeploymentPostprocessing = 1;
		};
/* End PBXCopyFilesBuildPhase section */

/* Begin PBXFileReference section */
		4C24720D21F3C0930024A855 /* Launchpad Tools */ = {isa = PBXFileReference; explicitFileType = "compiled.mach-o.executable"; includeInIndex = 0; path = "Launchpad Tools"; sourceTree = BUILT_PRODUCTS_DIR; };
		4C24721021F3C0930024A855 /* main.swift */ = {isa = PBXFileReference; lastKnownFileType = sourcecode.swift; path = main.swift; sourceTree = "<group>"; };
		4C2472DD21F3D2490024A855 /* SQLite-Bridging.h */ = {isa = PBXFileReference; fileEncoding = 4; lastKnownFileType = sourcecode.c.h; path = "SQLite-Bridging.h"; sourceTree = "<group>"; };
		4C2472DE21F3D2490024A855 /* SQLite-Bridging.m */ = {isa = PBXFileReference; fileEncoding = 4; lastKnownFileType = sourcecode.c.objc; path = "SQLite-Bridging.m"; sourceTree = "<group>"; };
		4C2472DF21F3D2490024A855 /* fts3_tokenizer.h */ = {isa = PBXFileReference; fileEncoding = 4; lastKnownFileType = sourcecode.c.h; path = fts3_tokenizer.h; sourceTree = "<group>"; };
		4C2472E221F3D2490024A855 /* Connection.swift */ = {isa = PBXFileReference; fileEncoding = 4; lastKnownFileType = sourcecode.swift; path = Connection.swift; sourceTree = "<group>"; };
		4C2472E321F3D2490024A855 /* Blob.swift */ = {isa = PBXFileReference; fileEncoding = 4; lastKnownFileType = sourcecode.swift; path = Blob.swift; sourceTree = "<group>"; };
		4C2472E421F3D2490024A855 /* Errors.swift */ = {isa = PBXFileReference; fileEncoding = 4; lastKnownFileType = sourcecode.swift; path = Errors.swift; sourceTree = "<group>"; };
		4C2472E521F3D2490024A855 /* Statement.swift */ = {isa = PBXFileReference; fileEncoding = 4; lastKnownFileType = sourcecode.swift; path = Statement.swift; sourceTree = "<group>"; };
		4C2472E621F3D2490024A855 /* Value.swift */ = {isa = PBXFileReference; fileEncoding = 4; lastKnownFileType = sourcecode.swift; path = Value.swift; sourceTree = "<group>"; };
		4C2472E721F3D2490024A855 /* Helpers.swift */ = {isa = PBXFileReference; fileEncoding = 4; lastKnownFileType = sourcecode.swift; path = Helpers.swift; sourceTree = "<group>"; };
		4C2472E921F3D2490024A855 /* Cipher.swift */ = {isa = PBXFileReference; fileEncoding = 4; lastKnownFileType = sourcecode.swift; path = Cipher.swift; sourceTree = "<group>"; };
		4C2472EA21F3D2490024A855 /* RTree.swift */ = {isa = PBXFileReference; fileEncoding = 4; lastKnownFileType = sourcecode.swift; path = RTree.swift; sourceTree = "<group>"; };
		4C2472EB21F3D2490024A855 /* FTS4.swift */ = {isa = PBXFileReference; fileEncoding = 4; lastKnownFileType = sourcecode.swift; path = FTS4.swift; sourceTree = "<group>"; };
		4C2472EC21F3D2490024A855 /* FTS5.swift */ = {isa = PBXFileReference; fileEncoding = 4; lastKnownFileType = sourcecode.swift; path = FTS5.swift; sourceTree = "<group>"; };
		4C2472ED21F3D2490024A855 /* Foundation.swift */ = {isa = PBXFileReference; fileEncoding = 4; lastKnownFileType = sourcecode.swift; path = Foundation.swift; sourceTree = "<group>"; };
		4C2472EE21F3D2490024A855 /* SQLite.h */ = {isa = PBXFileReference; fileEncoding = 4; lastKnownFileType = sourcecode.c.h; path = SQLite.h; sourceTree = "<group>"; };
		4C2472F021F3D2490024A855 /* Query.swift */ = {isa = PBXFileReference; fileEncoding = 4; lastKnownFileType = sourcecode.swift; path = Query.swift; sourceTree = "<group>"; };
		4C2472F121F3D2490024A855 /* Coding.swift */ = {isa = PBXFileReference; fileEncoding = 4; lastKnownFileType = sourcecode.swift; path = Coding.swift; sourceTree = "<group>"; };
		4C2472F221F3D2490024A855 /* Expression.swift */ = {isa = PBXFileReference; fileEncoding = 4; lastKnownFileType = sourcecode.swift; path = Expression.swift; sourceTree = "<group>"; };
		4C2472F321F3D2490024A855 /* CoreFunctions.swift */ = {isa = PBXFileReference; fileEncoding = 4; lastKnownFileType = sourcecode.swift; path = CoreFunctions.swift; sourceTree = "<group>"; };
		4C2472F421F3D2490024A855 /* Collation.swift */ = {isa = PBXFileReference; fileEncoding = 4; lastKnownFileType = sourcecode.swift; path = Collation.swift; sourceTree = "<group>"; };
		4C2472F521F3D2490024A855 /* CustomFunctions.swift */ = {isa = PBXFileReference; fileEncoding = 4; lastKnownFileType = sourcecode.swift; path = CustomFunctions.swift; sourceTree = "<group>"; };
		4C2472F621F3D2490024A855 /* DateAndTimeFunctions.swift */ = {isa = PBXFileReference; fileEncoding = 4; lastKnownFileType = sourcecode.swift; path = DateAndTimeFunctions.swift; sourceTree = "<group>"; };
		4C2472F721F3D2490024A855 /* Setter.swift */ = {isa = PBXFileReference; fileEncoding = 4; lastKnownFileType = sourcecode.swift; path = Setter.swift; sourceTree = "<group>"; };
		4C2472F821F3D2490024A855 /* Operators.swift */ = {isa = PBXFileReference; fileEncoding = 4; lastKnownFileType = sourcecode.swift; path = Operators.swift; sourceTree = "<group>"; };
		4C2472F921F3D2490024A855 /* Schema.swift */ = {isa = PBXFileReference; fileEncoding = 4; lastKnownFileType = sourcecode.swift; path = Schema.swift; sourceTree = "<group>"; };
		4C2472FA21F3D2490024A855 /* AggregateFunctions.swift */ = {isa = PBXFileReference; fileEncoding = 4; lastKnownFileType = sourcecode.swift; path = AggregateFunctions.swift; sourceTree = "<group>"; };
		4C2472FB21F3D2490024A855 /* Info.plist */ = {isa = PBXFileReference; fileEncoding = 4; lastKnownFileType = text.plist.xml; path = Info.plist; sourceTree = "<group>"; };
		4C24731321F3F6290024A855 /* README.md */ = {isa = PBXFileReference; lastKnownFileType = net.daringfireball.markdown; path = README.md; sourceTree = "<group>"; };
		4C46E09421F4DCDF00927669 /* Item.swift */ = {isa = PBXFileReference; lastKnownFileType = sourcecode.swift; path = Item.swift; sourceTree = "<group>"; };
		4C46E09621F4DCEB00927669 /* App.swift */ = {isa = PBXFileReference; lastKnownFileType = sourcecode.swift; path = App.swift; sourceTree = "<group>"; };
		4C46E09821F4DEA200927669 /* Group.swift */ = {isa = PBXFileReference; lastKnownFileType = sourcecode.swift; path = Group.swift; sourceTree = "<group>"; };
		9E68BDA8970DE9ADF20975B5 /* Pods_Launchpad_Tools.framework */ = {isa = PBXFileReference; explicitFileType = wrapper.framework; includeInIndex = 0; path = Pods_Launchpad_Tools.framework; sourceTree = BUILT_PRODUCTS_DIR; };
		BDFED5BBD756EB2564A8CFE3 /* Pods-Launchpad Tools.release.xcconfig */ = {isa = PBXFileReference; includeInIndex = 1; lastKnownFileType = text.xcconfig; name = "Pods-Launchpad Tools.release.xcconfig"; path = "Pods/Target Support Files/Pods-Launchpad Tools/Pods-Launchpad Tools.release.xcconfig"; sourceTree = "<group>"; };
		C1B2F82255EE01282C1F9B59 /* Pods-Launchpad Tools.debug.xcconfig */ = {isa = PBXFileReference; includeInIndex = 1; lastKnownFileType = text.xcconfig; name = "Pods-Launchpad Tools.debug.xcconfig"; path = "Pods/Target Support Files/Pods-Launchpad Tools/Pods-Launchpad Tools.debug.xcconfig"; sourceTree = "<group>"; };
/* End PBXFileReference section */

/* Begin PBXFrameworksBuildPhase section */
		4C24720A21F3C0930024A855 /* Frameworks */ = {
			isa = PBXFrameworksBuildPhase;
			buildActionMask = 2147483647;
			files = (
				8515A9C993677A1F08DB9AFA /* Pods_Launchpad_Tools.framework in Frameworks */,
			);
			runOnlyForDeploymentPostprocessing = 0;
		};
/* End PBXFrameworksBuildPhase section */

/* Begin PBXGroup section */
		2FF05E52D6B31DDA74231D61 /* Frameworks */ = {
			isa = PBXGroup;
			children = (
				9E68BDA8970DE9ADF20975B5 /* Pods_Launchpad_Tools.framework */,
			);
			name = Frameworks;
			sourceTree = "<group>";
		};
		4C24720421F3C0930024A855 = {
			isa = PBXGroup;
			children = (
				4C24731321F3F6290024A855 /* README.md */,
				4C24720F21F3C0930024A855 /* Launchpad Tools */,
				4C2472DA21F3D2490024A855 /* SQLite */,
				4C24720E21F3C0930024A855 /* Products */,
				E099402EFE3448B32347DB19 /* Pods */,
				2FF05E52D6B31DDA74231D61 /* Frameworks */,
			);
			sourceTree = "<group>";
		};
		4C24720E21F3C0930024A855 /* Products */ = {
			isa = PBXGroup;
			children = (
				4C24720D21F3C0930024A855 /* Launchpad Tools */,
			);
			name = Products;
			sourceTree = "<group>";
		};
		4C24720F21F3C0930024A855 /* Launchpad Tools */ = {
			isa = PBXGroup;
			children = (
				4C24721021F3C0930024A855 /* main.swift */,
				4C46E09621F4DCEB00927669 /* App.swift */,
				4C46E09821F4DEA200927669 /* Group.swift */,
				4C46E09421F4DCDF00927669 /* Item.swift */,
			);
			path = "Launchpad Tools";
			sourceTree = "<group>";
		};
		4C2472DA21F3D2490024A855 /* SQLite */ = {
			isa = PBXGroup;
			children = (
				4C2472DB21F3D2490024A855 /* SQLiteObjc */,
				4C2472E021F3D2490024A855 /* SQLite */,
			);
			path = SQLite;
			sourceTree = "<group>";
		};
		4C2472DB21F3D2490024A855 /* SQLiteObjc */ = {
			isa = PBXGroup;
			children = (
				4C2472DC21F3D2490024A855 /* include */,
				4C2472DE21F3D2490024A855 /* SQLite-Bridging.m */,
				4C2472DF21F3D2490024A855 /* fts3_tokenizer.h */,
			);
			path = SQLiteObjc;
			sourceTree = "<group>";
		};
		4C2472DC21F3D2490024A855 /* include */ = {
			isa = PBXGroup;
			children = (
				4C2472DD21F3D2490024A855 /* SQLite-Bridging.h */,
			);
			path = include;
			sourceTree = "<group>";
		};
		4C2472E021F3D2490024A855 /* SQLite */ = {
			isa = PBXGroup;
			children = (
				4C2472E121F3D2490024A855 /* Core */,
				4C2472E721F3D2490024A855 /* Helpers.swift */,
				4C2472E821F3D2490024A855 /* Extensions */,
				4C2472ED21F3D2490024A855 /* Foundation.swift */,
				4C2472EE21F3D2490024A855 /* SQLite.h */,
				4C2472EF21F3D2490024A855 /* Typed */,
				4C2472FB21F3D2490024A855 /* Info.plist */,
			);
			path = SQLite;
			sourceTree = "<group>";
		};
		4C2472E121F3D2490024A855 /* Core */ = {
			isa = PBXGroup;
			children = (
				4C2472E221F3D2490024A855 /* Connection.swift */,
				4C2472E321F3D2490024A855 /* Blob.swift */,
				4C2472E421F3D2490024A855 /* Errors.swift */,
				4C2472E521F3D2490024A855 /* Statement.swift */,
				4C2472E621F3D2490024A855 /* Value.swift */,
			);
			path = Core;
			sourceTree = "<group>";
		};
		4C2472E821F3D2490024A855 /* Extensions */ = {
			isa = PBXGroup;
			children = (
				4C2472E921F3D2490024A855 /* Cipher.swift */,
				4C2472EA21F3D2490024A855 /* RTree.swift */,
				4C2472EB21F3D2490024A855 /* FTS4.swift */,
				4C2472EC21F3D2490024A855 /* FTS5.swift */,
			);
			path = Extensions;
			sourceTree = "<group>";
		};
		4C2472EF21F3D2490024A855 /* Typed */ = {
			isa = PBXGroup;
			children = (
				4C2472F021F3D2490024A855 /* Query.swift */,
				4C2472F121F3D2490024A855 /* Coding.swift */,
				4C2472F221F3D2490024A855 /* Expression.swift */,
				4C2472F321F3D2490024A855 /* CoreFunctions.swift */,
				4C2472F421F3D2490024A855 /* Collation.swift */,
				4C2472F521F3D2490024A855 /* CustomFunctions.swift */,
				4C2472F621F3D2490024A855 /* DateAndTimeFunctions.swift */,
				4C2472F721F3D2490024A855 /* Setter.swift */,
				4C2472F821F3D2490024A855 /* Operators.swift */,
				4C2472F921F3D2490024A855 /* Schema.swift */,
				4C2472FA21F3D2490024A855 /* AggregateFunctions.swift */,
			);
			path = Typed;
			sourceTree = "<group>";
		};
		E099402EFE3448B32347DB19 /* Pods */ = {
			isa = PBXGroup;
			children = (
				C1B2F82255EE01282C1F9B59 /* Pods-Launchpad Tools.debug.xcconfig */,
				BDFED5BBD756EB2564A8CFE3 /* Pods-Launchpad Tools.release.xcconfig */,
			);
			name = Pods;
			sourceTree = "<group>";
		};
/* End PBXGroup section */

/* Begin PBXNativeTarget section */
		4C24720C21F3C0930024A855 /* Launchpad Tools */ = {
			isa = PBXNativeTarget;
			buildConfigurationList = 4C24721421F3C0930024A855 /* Build configuration list for PBXNativeTarget "Launchpad Tools" */;
			buildPhases = (
				2E284CECDD6C08365CDDAE37 /* [CP] Check Pods Manifest.lock */,
				4C24720921F3C0930024A855 /* Sources */,
				4C24720A21F3C0930024A855 /* Frameworks */,
				4C24720B21F3C0930024A855 /* CopyFiles */,
			);
			buildRules = (
			);
			dependencies = (
			);
			name = "Launchpad Tools";
			productName = "Launchpad Tools";
			productReference = 4C24720D21F3C0930024A855 /* Launchpad Tools */;
			productType = "com.apple.product-type.tool";
		};
/* End PBXNativeTarget section */

/* Begin PBXProject section */
		4C24720521F3C0930024A855 /* Project object */ = {
			isa = PBXProject;
			attributes = {
				LastSwiftUpdateCheck = 1010;
				LastUpgradeCheck = 1010;
				ORGANIZATIONNAME = "Will Tyler";
				TargetAttributes = {
					4C24720C21F3C0930024A855 = {
						CreatedOnToolsVersion = 10.1;
					};
				};
			};
			buildConfigurationList = 4C24720821F3C0930024A855 /* Build configuration list for PBXProject "Launchpad Tools" */;
			compatibilityVersion = "Xcode 9.3";
			developmentRegion = en;
			hasScannedForEncodings = 0;
			knownRegions = (
				en,
			);
			mainGroup = 4C24720421F3C0930024A855;
			productRefGroup = 4C24720E21F3C0930024A855 /* Products */;
			projectDirPath = "";
			projectRoot = "";
			targets = (
				4C24720C21F3C0930024A855 /* Launchpad Tools */,
			);
		};
/* End PBXProject section */

/* Begin PBXShellScriptBuildPhase section */
		2E284CECDD6C08365CDDAE37 /* [CP] Check Pods Manifest.lock */ = {
			isa = PBXShellScriptBuildPhase;
			buildActionMask = 2147483647;
			files = (
			);
			inputFileListPaths = (
			);
			inputPaths = (
				"${PODS_PODFILE_DIR_PATH}/Podfile.lock",
				"${PODS_ROOT}/Manifest.lock",
			);
			name = "[CP] Check Pods Manifest.lock";
			outputFileListPaths = (
			);
			outputPaths = (
				"$(DERIVED_FILE_DIR)/Pods-Launchpad Tools-checkManifestLockResult.txt",
			);
			runOnlyForDeploymentPostprocessing = 0;
			shellPath = /bin/sh;
			shellScript = "diff \"${PODS_PODFILE_DIR_PATH}/Podfile.lock\" \"${PODS_ROOT}/Manifest.lock\" > /dev/null\nif [ $? != 0 ] ; then\n    # print error to STDERR\n    echo \"error: The sandbox is not in sync with the Podfile.lock. Run 'pod install' or update your CocoaPods installation.\" >&2\n    exit 1\nfi\n# This output is used by Xcode 'outputs' to avoid re-running this script phase.\necho \"SUCCESS\" > \"${SCRIPT_OUTPUT_FILE_0}\"\n";
			showEnvVarsInLog = 0;
		};
/* End PBXShellScriptBuildPhase section */

/* Begin PBXSourcesBuildPhase section */
		4C24720921F3C0930024A855 /* Sources */ = {
			isa = PBXSourcesBuildPhase;
			buildActionMask = 2147483647;
			files = (
				4C24730521F3D2490024A855 /* FTS4.swift in Sources */,
				4C2472FE21F3D2490024A855 /* Blob.swift in Sources */,
				4C2472FF21F3D2490024A855 /* Errors.swift in Sources */,
				4C24730921F3D2490024A855 /* Coding.swift in Sources */,
				4C24730421F3D2490024A855 /* RTree.swift in Sources */,
				4C46E09521F4DCDF00927669 /* Item.swift in Sources */,
				4C24730121F3D2490024A855 /* Value.swift in Sources */,
				4C24730E21F3D2490024A855 /* DateAndTimeFunctions.swift in Sources */,
				4C24730321F3D2490024A855 /* Cipher.swift in Sources */,
				4C46E09921F4DEA200927669 /* Group.swift in Sources */,
				4C24730F21F3D2490024A855 /* Setter.swift in Sources */,
				4C24730221F3D2490024A855 /* Helpers.swift in Sources */,
				4C24721121F3C0930024A855 /* main.swift in Sources */,
				4C24730821F3D2490024A855 /* Query.swift in Sources */,
				4C46E09721F4DCEB00927669 /* App.swift in Sources */,
				4C24730021F3D2490024A855 /* Statement.swift in Sources */,
				4C24730A21F3D2490024A855 /* Expression.swift in Sources */,
				4C2472FD21F3D2490024A855 /* Connection.swift in Sources */,
				4C24730C21F3D2490024A855 /* Collation.swift in Sources */,
				4C24730D21F3D2490024A855 /* CustomFunctions.swift in Sources */,
				4C24731021F3D2490024A855 /* Operators.swift in Sources */,
				4C2472FC21F3D2490024A855 /* SQLite-Bridging.m in Sources */,
				4C24731221F3D2490024A855 /* AggregateFunctions.swift in Sources */,
				4C24730621F3D2490024A855 /* FTS5.swift in Sources */,
				4C24730721F3D2490024A855 /* Foundation.swift in Sources */,
				4C24731121F3D2490024A855 /* Schema.swift in Sources */,
				4C24730B21F3D2490024A855 /* CoreFunctions.swift in Sources */,
			);
			runOnlyForDeploymentPostprocessing = 0;
		};
/* End PBXSourcesBuildPhase section */

/* Begin XCBuildConfiguration section */
		4C24721221F3C0930024A855 /* Debug */ = {
			isa = XCBuildConfiguration;
			buildSettings = {
				ALWAYS_SEARCH_USER_PATHS = NO;
				CLANG_ANALYZER_NONNULL = YES;
				CLANG_ANALYZER_NUMBER_OBJECT_CONVERSION = YES_AGGRESSIVE;
				CLANG_CXX_LANGUAGE_STANDARD = "gnu++14";
				CLANG_CXX_LIBRARY = "libc++";
				CLANG_ENABLE_MODULES = YES;
				CLANG_ENABLE_OBJC_ARC = YES;
				CLANG_ENABLE_OBJC_WEAK = YES;
				CLANG_WARN_BLOCK_CAPTURE_AUTORELEASING = YES;
				CLANG_WARN_BOOL_CONVERSION = YES;
				CLANG_WARN_COMMA = YES;
				CLANG_WARN_CONSTANT_CONVERSION = YES;
				CLANG_WARN_DEPRECATED_OBJC_IMPLEMENTATIONS = YES;
				CLANG_WARN_DIRECT_OBJC_ISA_USAGE = YES_ERROR;
				CLANG_WARN_DOCUMENTATION_COMMENTS = YES;
				CLANG_WARN_EMPTY_BODY = YES;
				CLANG_WARN_ENUM_CONVERSION = YES;
				CLANG_WARN_INFINITE_RECURSION = YES;
				CLANG_WARN_INT_CONVERSION = YES;
				CLANG_WARN_NON_LITERAL_NULL_CONVERSION = YES;
				CLANG_WARN_OBJC_IMPLICIT_RETAIN_SELF = YES;
				CLANG_WARN_OBJC_LITERAL_CONVERSION = YES;
				CLANG_WARN_OBJC_ROOT_CLASS = YES_ERROR;
				CLANG_WARN_RANGE_LOOP_ANALYSIS = YES;
				CLANG_WARN_STRICT_PROTOTYPES = YES;
				CLANG_WARN_SUSPICIOUS_MOVE = YES;
				CLANG_WARN_UNGUARDED_AVAILABILITY = YES_AGGRESSIVE;
				CLANG_WARN_UNREACHABLE_CODE = YES;
				CLANG_WARN__DUPLICATE_METHOD_MATCH = YES;
				CODE_SIGN_IDENTITY = "Mac Developer";
				COPY_PHASE_STRIP = NO;
				DEBUG_INFORMATION_FORMAT = dwarf;
				ENABLE_STRICT_OBJC_MSGSEND = YES;
				ENABLE_TESTABILITY = YES;
				GCC_C_LANGUAGE_STANDARD = gnu11;
				GCC_DYNAMIC_NO_PIC = NO;
				GCC_NO_COMMON_BLOCKS = YES;
				GCC_OPTIMIZATION_LEVEL = 0;
				GCC_PREPROCESSOR_DEFINITIONS = (
					"DEBUG=1",
					"$(inherited)",
				);
				GCC_WARN_64_TO_32_BIT_CONVERSION = YES;
				GCC_WARN_ABOUT_RETURN_TYPE = YES_ERROR;
				GCC_WARN_UNDECLARED_SELECTOR = YES;
				GCC_WARN_UNINITIALIZED_AUTOS = YES_AGGRESSIVE;
				GCC_WARN_UNUSED_FUNCTION = YES;
				GCC_WARN_UNUSED_VARIABLE = YES;
				MACOSX_DEPLOYMENT_TARGET = 10.14;
				MTL_ENABLE_DEBUG_INFO = INCLUDE_SOURCE;
				MTL_FAST_MATH = YES;
				ONLY_ACTIVE_ARCH = YES;
				SDKROOT = macosx;
				SWIFT_ACTIVE_COMPILATION_CONDITIONS = DEBUG;
				SWIFT_OPTIMIZATION_LEVEL = "-Onone";
			};
			name = Debug;
		};
		4C24721321F3C0930024A855 /* Release */ = {
			isa = XCBuildConfiguration;
			buildSettings = {
				ALWAYS_SEARCH_USER_PATHS = NO;
				CLANG_ANALYZER_NONNULL = YES;
				CLANG_ANALYZER_NUMBER_OBJECT_CONVERSION = YES_AGGRESSIVE;
				CLANG_CXX_LANGUAGE_STANDARD = "gnu++14";
				CLANG_CXX_LIBRARY = "libc++";
				CLANG_ENABLE_MODULES = YES;
				CLANG_ENABLE_OBJC_ARC = YES;
				CLANG_ENABLE_OBJC_WEAK = YES;
				CLANG_WARN_BLOCK_CAPTURE_AUTORELEASING = YES;
				CLANG_WARN_BOOL_CONVERSION = YES;
				CLANG_WARN_COMMA = YES;
				CLANG_WARN_CONSTANT_CONVERSION = YES;
				CLANG_WARN_DEPRECATED_OBJC_IMPLEMENTATIONS = YES;
				CLANG_WARN_DIRECT_OBJC_ISA_USAGE = YES_ERROR;
				CLANG_WARN_DOCUMENTATION_COMMENTS = YES;
				CLANG_WARN_EMPTY_BODY = YES;
				CLANG_WARN_ENUM_CONVERSION = YES;
				CLANG_WARN_INFINITE_RECURSION = YES;
				CLANG_WARN_INT_CONVERSION = YES;
				CLANG_WARN_NON_LITERAL_NULL_CONVERSION = YES;
				CLANG_WARN_OBJC_IMPLICIT_RETAIN_SELF = YES;
				CLANG_WARN_OBJC_LITERAL_CONVERSION = YES;
				CLANG_WARN_OBJC_ROOT_CLASS = YES_ERROR;
				CLANG_WARN_RANGE_LOOP_ANALYSIS = YES;
				CLANG_WARN_STRICT_PROTOTYPES = YES;
				CLANG_WARN_SUSPICIOUS_MOVE = YES;
				CLANG_WARN_UNGUARDED_AVAILABILITY = YES_AGGRESSIVE;
				CLANG_WARN_UNREACHABLE_CODE = YES;
				CLANG_WARN__DUPLICATE_METHOD_MATCH = YES;
				CODE_SIGN_IDENTITY = "Mac Developer";
				COPY_PHASE_STRIP = NO;
				DEBUG_INFORMATION_FORMAT = "dwarf-with-dsym";
				ENABLE_NS_ASSERTIONS = NO;
				ENABLE_STRICT_OBJC_MSGSEND = YES;
				GCC_C_LANGUAGE_STANDARD = gnu11;
				GCC_NO_COMMON_BLOCKS = YES;
				GCC_WARN_64_TO_32_BIT_CONVERSION = YES;
				GCC_WARN_ABOUT_RETURN_TYPE = YES_ERROR;
				GCC_WARN_UNDECLARED_SELECTOR = YES;
				GCC_WARN_UNINITIALIZED_AUTOS = YES_AGGRESSIVE;
				GCC_WARN_UNUSED_FUNCTION = YES;
				GCC_WARN_UNUSED_VARIABLE = YES;
				MACOSX_DEPLOYMENT_TARGET = 10.14;
				MTL_ENABLE_DEBUG_INFO = NO;
				MTL_FAST_MATH = YES;
				SDKROOT = macosx;
				SWIFT_COMPILATION_MODE = wholemodule;
				SWIFT_OPTIMIZATION_LEVEL = "-O";
			};
			name = Release;
		};
		4C24721521F3C0930024A855 /* Debug */ = {
			isa = XCBuildConfiguration;
			baseConfigurationReference = C1B2F82255EE01282C1F9B59 /* Pods-Launchpad Tools.debug.xcconfig */;
			buildSettings = {
				ALWAYS_EMBED_SWIFT_STANDARD_LIBRARIES = "$(inherited)";
				CODE_SIGN_STYLE = Automatic;
				DEVELOPMENT_TEAM = 83A9Z5EMT8;
				PRODUCT_NAME = "$(TARGET_NAME)";
				SWIFT_VERSION = 4.2;
			};
			name = Debug;
		};
		4C24721621F3C0930024A855 /* Release */ = {
			isa = XCBuildConfiguration;
			baseConfigurationReference = BDFED5BBD756EB2564A8CFE3 /* Pods-Launchpad Tools.release.xcconfig */;
			buildSettings = {
				ALWAYS_EMBED_SWIFT_STANDARD_LIBRARIES = "$(inherited)";
				CODE_SIGN_STYLE = Automatic;
				DEVELOPMENT_TEAM = 83A9Z5EMT8;
				PRODUCT_NAME = "$(TARGET_NAME)";
				SWIFT_VERSION = 4.2;
			};
			name = Release;
		};
/* End XCBuildConfiguration section */

/* Begin XCConfigurationList section */
		4C24720821F3C0930024A855 /* Build configuration list for PBXProject "Launchpad Tools" */ = {
			isa = XCConfigurationList;
			buildConfigurations = (
				4C24721221F3C0930024A855 /* Debug */,
				4C24721321F3C0930024A855 /* Release */,
			);
			defaultConfigurationIsVisible = 0;
			defaultConfigurationName = Release;
		};
		4C24721421F3C0930024A855 /* Build configuration list for PBXNativeTarget "Launchpad Tools" */ = {
			isa = XCConfigurationList;
			buildConfigurations = (
				4C24721521F3C0930024A855 /* Debug */,
				4C24721621F3C0930024A855 /* Release */,
			);
			defaultConfigurationIsVisible = 0;
			defaultConfigurationName = Release;
		};
/* End XCConfigurationList section */
	};
	rootObject = 4C24720521F3C0930024A855 /* Project object */;
}
